
Microsoft Visual Studio Solution File, Format Version 12.00
Project("{FAE04EC0-301F-11D3-BF4B-00C04F79EFBC}") = "Reactor.Web", "Reactor.Web\Reactor.Web.csproj", "{4217C34F-F804-49B5-A720-90A415459A12}"
EndProject
Project("{2150E333-8FDC-42A3-9474-1A3956D46DE8}") = "Presentation", "Presentation", "{E8A61BDA-319A-425A-AB39-8AD5B26DFF49}"
EndProject
Project("{2150E333-8FDC-42A3-9474-1A3956D46DE8}") = "Libraries", "Libraries", "{F83325D6-619F-40C6-BACC-A4AE315F4A22}"
EndProject
Project("{FAE04EC0-301F-11D3-BF4B-00C04F79EFBC}") = "Reactor.Data", "Reactor.Data\Reactor.Data.csproj", "{E9A2DA9C-8437-475B-881A-96918010C5F2}"
EndProject
Project("{FAE04EC0-301F-11D3-BF4B-00C04F79EFBC}") = "Reactor.Core", "Reactor.Core\Reactor.Core.csproj", "{54015FAF-B85F-4417-8E64-160161407ECE}"
EndProject
Global
	GlobalSection(SolutionConfigurationPlatforms) = preSolution
		Debug|Any CPU = Debug|Any CPU
		Release|Any CPU = Release|Any CPU
	EndGlobalSection
	GlobalSection(ProjectConfigurationPlatforms) = postSolution
		{4217C34F-F804-49B5-A720-90A415459A12}.Debug|Any CPU.ActiveCfg = Debug|Any CPU
		{4217C34F-F804-49B5-A720-90A415459A12}.Debug|Any CPU.Build.0 = Debug|Any CPU
		{4217C34F-F804-49B5-A720-90A415459A12}.Release|Any CPU.ActiveCfg = Release|Any CPU
		{4217C34F-F804-49B5-A720-90A415459A12}.Release|Any CPU.Build.0 = Release|Any CPU
		{E9A2DA9C-8437-475B-881A-96918010C5F2}.Debug|Any CPU.ActiveCfg = Debug|Any CPU
		{E9A2DA9C-8437-475B-881A-96918010C5F2}.Debug|Any CPU.Build.0 = Debug|Any CPU
		{E9A2DA9C-8437-475B-881A-96918010C5F2}.Release|Any CPU.ActiveCfg = Release|Any CPU
		{E9A2DA9C-8437-475B-881A-96918010C5F2}.Release|Any CPU.Build.0 = Release|Any CPU
		{54015FAF-B85F-4417-8E64-160161407ECE}.Debug|Any CPU.ActiveCfg = Debug|Any CPU
		{54015FAF-B85F-4417-8E64-160161407ECE}.Debug|Any CPU.Build.0 = Debug|Any CPU
		{54015FAF-B85F-4417-8E64-160161407ECE}.Release|Any CPU.ActiveCfg = Release|Any CPU
		{54015FAF-B85F-4417-8E64-160161407ECE}.Release|Any CPU.Build.0 = Release|Any CPU
	EndGlobalSection
	GlobalSection(NestedProjects) = preSolution
		{4217C34F-F804-49B5-A720-90A415459A12} = {E8A61BDA-319A-425A-AB39-8AD5B26DFF49}
		{E9A2DA9C-8437-475B-881A-96918010C5F2} = {F83325D6-619F-40C6-BACC-A4AE315F4A22}
		{54015FAF-B85F-4417-8E64-160161407ECE} = {F83325D6-619F-40C6-BACC-A4AE315F4A22}
	EndGlobalSection
EndGlobal
