
Microsoft Visual Studio Solution File, Format Version 12.00
Project("{FAE04EC0-301F-11D3-BF4B-00C04F79EFBC}") = "Reactor.Web", "Reactor.Web\Reactor.Web.csproj", "{4217C34F-F804-49B5-A720-90A415459A12}"
EndProject
Project("{2150E333-8FDC-42A3-9474-1A3956D46DE8}") = "Presentation", "Presentation", "{E8A61BDA-319A-425A-AB39-8AD5B26DFF49}"
EndProject
Global
	GlobalSection(SolutionConfigurationPlatforms) = preSolution
		Debug|Any CPU = Debug|Any CPU
		Release|Any CPU = Release|Any CPU
	EndGlobalSection
	GlobalSection(ProjectConfigurationPlatforms) = postSolution
		{4217C34F-F804-49B5-A720-90A415459A12}.Debug|Any CPU.ActiveCfg = Debug|Any CPU
		{4217C34F-F804-49B5-A720-90A415459A12}.Debug|Any CPU.Build.0 = Debug|Any CPU
		{4217C34F-F804-49B5-A720-90A415459A12}.Release|Any CPU.ActiveCfg = Release|Any CPU
		{4217C34F-F804-49B5-A720-90A415459A12}.Release|Any CPU.Build.0 = Release|Any CPU
	EndGlobalSection
	GlobalSection(NestedProjects) = preSolution
		{4217C34F-F804-49B5-A720-90A415459A12} = {E8A61BDA-319A-425A-AB39-8AD5B26DFF49}
	EndGlobalSection
EndGlobal
